// !$*UTF8*$!
{
	archiveVersion = 1;
	classes = {
	};
	objectVersion = 48;
	objects = {

/* Begin PBXBuildFile section */
		558A2F20286B2F460034B962 /* oldmain.c in Sources */ = {isa = PBXBuildFile; fileRef = 558A2F1F286B2F460034B962 /* oldmain.c */; };
		55B274EC205ADE9D0064F9BF /* network.c in Sources */ = {isa = PBXBuildFile; fileRef = 55B274D7205ADE9C0064F9BF /* network.c */; };
		55B274ED205ADE9D0064F9BF /* deck.c in Sources */ = {isa = PBXBuildFile; fileRef = 55B274D9205ADE9C0064F9BF /* deck.c */; };
		55B274EE205ADE9D0064F9BF /* shared.c in Sources */ = {isa = PBXBuildFile; fileRef = 55B274DB205ADE9C0064F9BF /* shared.c */; };
		55B274EF205ADE9D0064F9BF /* calculations.c in Sources */ = {isa = PBXBuildFile; fileRef = 55B274DD205ADE9C0064F9BF /* calculations.c */; };
		55B274F0205ADE9D0064F9BF /* output.c in Sources */ = {isa = PBXBuildFile; fileRef = 55B274DE205ADE9C0064F9BF /* output.c */; };
		55B274F1205ADE9D0064F9BF /* geometry.c in Sources */ = {isa = PBXBuildFile; fileRef = 55B274DF205ADE9C0064F9BF /* geometry.c */; };
		55B274F2205ADE9D0064F9BF /* input.c in Sources */ = {isa = PBXBuildFile; fileRef = 55B274E0205ADE9C0064F9BF /* input.c */; };
		55B274F3205ADE9D0064F9BF /* misc.c in Sources */ = {isa = PBXBuildFile; fileRef = 55B274E1205ADE9C0064F9BF /* misc.c */; };
		55B274F4205ADE9D0064F9BF /* ground.c in Sources */ = {isa = PBXBuildFile; fileRef = 55B274E2205ADE9C0064F9BF /* ground.c */; };
		55B274F5205ADE9D0064F9BF /* tinyexpr.c in Sources */ = {isa = PBXBuildFile; fileRef = 55B274E4205ADE9C0064F9BF /* tinyexpr.c */; };
		55B274F6205ADE9D0064F9BF /* fields.c in Sources */ = {isa = PBXBuildFile; fileRef = 55B274E5205ADE9C0064F9BF /* fields.c */; };
		55B274F7205ADE9D0064F9BF /* matrix.c in Sources */ = {isa = PBXBuildFile; fileRef = 55B274E6205ADE9D0064F9BF /* matrix.c */; };
		55B274F8205ADE9D0064F9BF /* radiation.c in Sources */ = {isa = PBXBuildFile; fileRef = 55B274E7205ADE9D0064F9BF /* radiation.c */; };
		55B274F9205ADE9D0064F9BF /* somnec.c in Sources */ = {isa = PBXBuildFile; fileRef = 55B274E8205ADE9D0064F9BF /* somnec.c */; };
		55B274FA205ADE9D0064F9BF /* types.c in Sources */ = {isa = PBXBuildFile; fileRef = 55B274E9205ADE9D0064F9BF /* types.c */; };
		55B274FB205ADE9D0064F9BF /* main.c in Sources */ = {isa = PBXBuildFile; fileRef = 55B274EA205ADE9D0064F9BF /* main.c */; };
		55FA0D40278B3AF000257B8E /* tests.c in Sources */ = {isa = PBXBuildFile; fileRef = 55FA0D3F278B3AF000257B8E /* tests.c */; };
/* End PBXBuildFile section */

/* Begin PBXCopyFilesBuildPhase section */
		55FD6760205AD36200D0DA85 /* CopyFiles */ = {
			isa = PBXCopyFilesBuildPhase;
			buildActionMask = 2147483647;
			dstPath = /usr/share/man/man1/;
			dstSubfolderSpec = 0;
			files = (
			);
			runOnlyForDeploymentPostprocessing = 1;
		};
/* End PBXCopyFilesBuildPhase section */

/* Begin PBXFileReference section */
		553FEA85205B2A40000B2056 /* OpenNEC */ = {isa = PBXFileReference; explicitFileType = "compiled.mach-o.executable"; includeInIndex = 0; path = OpenNEC; sourceTree = BUILT_PRODUCTS_DIR; };
		554937C327873E6400FC8102 /* README.MD */ = {isa = PBXFileReference; lastKnownFileType = net.daringfireball.markdown; path = README.MD; sourceTree = "<group>"; };
		554937C52787444A00FC8102 /* TODO */ = {isa = PBXFileReference; lastKnownFileType = text; path = TODO; sourceTree = "<group>"; };
		558A2F1F286B2F460034B962 /* oldmain.c */ = {isa = PBXFileReference; lastKnownFileType = sourcecode.c.c; path = oldmain.c; sourceTree = "<group>"; };
		558A2F22286B36060034B962 /* OpenNEC file format.md */ = {isa = PBXFileReference; lastKnownFileType = net.daringfireball.markdown; path = "OpenNEC file format.md"; sourceTree = "<group>"; };
		558A2F23286B37530034B962 /* YO file format.md */ = {isa = PBXFileReference; lastKnownFileType = net.daringfireball.markdown; path = "YO file format.md"; sourceTree = "<group>"; };
		55B274D7205ADE9C0064F9BF /* network.c */ = {isa = PBXFileReference; fileEncoding = 4; lastKnownFileType = sourcecode.c.c; path = network.c; sourceTree = "<group>"; };
		55B274D8205ADE9C0064F9BF /* shared.h */ = {isa = PBXFileReference; fileEncoding = 4; lastKnownFileType = sourcecode.c.h; path = shared.h; sourceTree = "<group>"; };
		55B274D9205ADE9C0064F9BF /* deck.c */ = {isa = PBXFileReference; fileEncoding = 4; lastKnownFileType = sourcecode.c.c; path = deck.c; sourceTree = "<group>"; };
		55B274DA205ADE9C0064F9BF /* tinyexpr.h */ = {isa = PBXFileReference; fileEncoding = 4; lastKnownFileType = sourcecode.c.h; path = tinyexpr.h; sourceTree = "<group>"; };
		55B274DB205ADE9C0064F9BF /* shared.c */ = {isa = PBXFileReference; fileEncoding = 4; lastKnownFileType = sourcecode.c.c; path = shared.c; sourceTree = "<group>"; };
		55B274DC205ADE9C0064F9BF /* types.h */ = {isa = PBXFileReference; fileEncoding = 4; lastKnownFileType = sourcecode.c.h; path = types.h; sourceTree = "<group>"; };
		55B274DD205ADE9C0064F9BF /* calculations.c */ = {isa = PBXFileReference; fileEncoding = 4; lastKnownFileType = sourcecode.c.c; path = calculations.c; sourceTree = "<group>"; };
		55B274DE205ADE9C0064F9BF /* output.c */ = {isa = PBXFileReference; fileEncoding = 4; lastKnownFileType = sourcecode.c.c; path = output.c; sourceTree = "<group>"; };
		55B274DF205ADE9C0064F9BF /* geometry.c */ = {isa = PBXFileReference; fileEncoding = 4; lastKnownFileType = sourcecode.c.c; path = geometry.c; sourceTree = "<group>"; };
		55B274E0205ADE9C0064F9BF /* input.c */ = {isa = PBXFileReference; fileEncoding = 4; indentWidth = 2; lastKnownFileType = sourcecode.c.c; path = input.c; sourceTree = "<group>"; };
		55B274E1205ADE9C0064F9BF /* misc.c */ = {isa = PBXFileReference; fileEncoding = 4; lastKnownFileType = sourcecode.c.c; path = misc.c; sourceTree = "<group>"; };
		55B274E2205ADE9C0064F9BF /* ground.c */ = {isa = PBXFileReference; fileEncoding = 4; lastKnownFileType = sourcecode.c.c; path = ground.c; sourceTree = "<group>"; };
		55B274E3205ADE9C0064F9BF /* proto.h */ = {isa = PBXFileReference; fileEncoding = 4; lastKnownFileType = sourcecode.c.h; path = proto.h; sourceTree = "<group>"; };
		55B274E4205ADE9C0064F9BF /* tinyexpr.c */ = {isa = PBXFileReference; fileEncoding = 4; lastKnownFileType = sourcecode.c.c; path = tinyexpr.c; sourceTree = "<group>"; };
		55B274E5205ADE9C0064F9BF /* fields.c */ = {isa = PBXFileReference; fileEncoding = 4; lastKnownFileType = sourcecode.c.c; path = fields.c; sourceTree = "<group>"; };
		55B274E6205ADE9D0064F9BF /* matrix.c */ = {isa = PBXFileReference; fileEncoding = 4; lastKnownFileType = sourcecode.c.c; path = matrix.c; sourceTree = "<group>"; };
		55B274E7205ADE9D0064F9BF /* radiation.c */ = {isa = PBXFileReference; fileEncoding = 4; lastKnownFileType = sourcecode.c.c; path = radiation.c; sourceTree = "<group>"; };
		55B274E8205ADE9D0064F9BF /* somnec.c */ = {isa = PBXFileReference; fileEncoding = 4; lastKnownFileType = sourcecode.c.c; path = somnec.c; sourceTree = "<group>"; };
		55B274E9205ADE9D0064F9BF /* types.c */ = {isa = PBXFileReference; fileEncoding = 4; lastKnownFileType = sourcecode.c.c; path = types.c; sourceTree = "<group>"; };
		55B274EA205ADE9D0064F9BF /* main.c */ = {isa = PBXFileReference; fileEncoding = 4; lastKnownFileType = sourcecode.c.c; path = main.c; sourceTree = "<group>"; };
		55B274EB205ADE9D0064F9BF /* opennec.h */ = {isa = PBXFileReference; fileEncoding = 4; lastKnownFileType = sourcecode.c.h; path = opennec.h; sourceTree = "<group>"; };
		55FA0D3F278B3AF000257B8E /* tests.c */ = {isa = PBXFileReference; lastKnownFileType = sourcecode.c.c; path = tests.c; sourceTree = "<group>"; };
/* End PBXFileReference section */

/* Begin PBXFrameworksBuildPhase section */
		55FD675F205AD36200D0DA85 /* Frameworks */ = {
			isa = PBXFrameworksBuildPhase;
			buildActionMask = 2147483647;
			files = (
			);
			runOnlyForDeploymentPostprocessing = 0;
		};
/* End PBXFrameworksBuildPhase section */

/* Begin PBXGroup section */
		558A2F21286B35D60034B962 /* doc */ = {
			isa = PBXGroup;
			children = (
				558A2F22286B36060034B962 /* OpenNEC file format.md */,
				558A2F23286B37530034B962 /* YO file format.md */,
				554937C52787444A00FC8102 /* TODO */,
			);
			path = doc;
			sourceTree = "<group>";
		};
		558A2F24286B375F0034B962 /* src */ = {
			isa = PBXGroup;
			children = (
				55B274EB205ADE9D0064F9BF /* opennec.h */,
				55B274E3205ADE9C0064F9BF /* proto.h */,
				55B274DC205ADE9C0064F9BF /* types.h */,
				55B274E9205ADE9D0064F9BF /* types.c */,
				55B274D8205ADE9C0064F9BF /* shared.h */,
				55B274DB205ADE9C0064F9BF /* shared.c */,
				55B274E0205ADE9C0064F9BF /* input.c */,
				55B274DE205ADE9C0064F9BF /* output.c */,
				55B274D9205ADE9C0064F9BF /* deck.c */,
				55FA0D3F278B3AF000257B8E /* tests.c */,
				55B274DF205ADE9C0064F9BF /* geometry.c */,
				55B274DD205ADE9C0064F9BF /* calculations.c */,
				55B274E1205ADE9C0064F9BF /* misc.c */,
				55B274E5205ADE9C0064F9BF /* fields.c */,
				55B274E2205ADE9C0064F9BF /* ground.c */,
				55B274E6205ADE9D0064F9BF /* matrix.c */,
				55B274D7205ADE9C0064F9BF /* network.c */,
				55B274E7205ADE9D0064F9BF /* radiation.c */,
				55B274E8205ADE9D0064F9BF /* somnec.c */,
				55B274DA205ADE9C0064F9BF /* tinyexpr.h */,
				55B274E4205ADE9C0064F9BF /* tinyexpr.c */,
				55B274EA205ADE9D0064F9BF /* main.c */,
				558A2F1F286B2F460034B962 /* oldmain.c */,
			);
			path = src;
			sourceTree = "<group>";
		};
		55FD6759205AD36200D0DA85 = {
			isa = PBXGroup;
			children = (
				554937C327873E6400FC8102 /* README.MD */,
				558A2F21286B35D60034B962 /* doc */,
				558A2F24286B375F0034B962 /* src */,
				553FEA85205B2A40000B2056 /* OpenNEC */,
			);
			sourceTree = "<group>";
		};
/* End PBXGroup section */

/* Begin PBXNativeTarget section */
		55FD6761205AD36200D0DA85 /* OpenNEC */ = {
			isa = PBXNativeTarget;
			buildConfigurationList = 55FD6769205AD36200D0DA85 /* Build configuration list for PBXNativeTarget "OpenNEC" */;
			buildPhases = (
				55FD675E205AD36200D0DA85 /* Sources */,
				55FD675F205AD36200D0DA85 /* Frameworks */,
				55FD6760205AD36200D0DA85 /* CopyFiles */,
			);
			buildRules = (
			);
			dependencies = (
			);
			name = OpenNEC;
			productName = OpenNEC;
			productReference = 553FEA85205B2A40000B2056 /* OpenNEC */;
			productType = "com.apple.product-type.tool";
		};
/* End PBXNativeTarget section */

/* Begin PBXProject section */
		55FD675A205AD36200D0DA85 /* Project object */ = {
			isa = PBXProject;
			attributes = {
				LastUpgradeCheck = 1340;
				ORGANIZATIONNAME = "Maury Markowitz";
				TargetAttributes = {
					55FD6761205AD36200D0DA85 = {
						CreatedOnToolsVersion = 9.2;
						ProvisioningStyle = Automatic;
					};
				};
			};
			buildConfigurationList = 55FD675D205AD36200D0DA85 /* Build configuration list for PBXProject "OpenNEC" */;
			compatibilityVersion = "Xcode 8.0";
			developmentRegion = en;
			hasScannedForEncodings = 0;
			knownRegions = (
				en,
				Base,
			);
			mainGroup = 55FD6759205AD36200D0DA85;
			productRefGroup = 55FD6759205AD36200D0DA85;
			projectDirPath = "";
			projectRoot = "";
			targets = (
				55FD6761205AD36200D0DA85 /* OpenNEC */,
			);
		};
/* End PBXProject section */

/* Begin PBXSourcesBuildPhase section */
		55FD675E205AD36200D0DA85 /* Sources */ = {
			isa = PBXSourcesBuildPhase;
			buildActionMask = 2147483647;
			files = (
				55B274F4205ADE9D0064F9BF /* ground.c in Sources */,
				55B274F0205ADE9D0064F9BF /* output.c in Sources */,
				55B274F9205ADE9D0064F9BF /* somnec.c in Sources */,
				55B274FA205ADE9D0064F9BF /* types.c in Sources */,
				55B274F7205ADE9D0064F9BF /* matrix.c in Sources */,
				55B274F2205ADE9D0064F9BF /* input.c in Sources */,
				55B274F1205ADE9D0064F9BF /* geometry.c in Sources */,
				55B274F6205ADE9D0064F9BF /* fields.c in Sources */,
				55B274F3205ADE9D0064F9BF /* misc.c in Sources */,
				55FA0D40278B3AF000257B8E /* tests.c in Sources */,
				55B274F8205ADE9D0064F9BF /* radiation.c in Sources */,
				55B274EE205ADE9D0064F9BF /* shared.c in Sources */,
				55B274EF205ADE9D0064F9BF /* calculations.c in Sources */,
				55B274FB205ADE9D0064F9BF /* main.c in Sources */,
				55B274ED205ADE9D0064F9BF /* deck.c in Sources */,
				55B274F5205ADE9D0064F9BF /* tinyexpr.c in Sources */,
				558A2F20286B2F460034B962 /* oldmain.c in Sources */,
				55B274EC205ADE9D0064F9BF /* network.c in Sources */,
			);
			runOnlyForDeploymentPostprocessing = 0;
		};
/* End PBXSourcesBuildPhase section */

/* Begin XCBuildConfiguration section */
		55FD6767205AD36200D0DA85 /* Debug */ = {
			isa = XCBuildConfiguration;
			buildSettings = {
				ALWAYS_SEARCH_USER_PATHS = NO;
				CLANG_ANALYZER_NONNULL = YES;
				CLANG_ANALYZER_NUMBER_OBJECT_CONVERSION = YES_AGGRESSIVE;
				CLANG_CXX_LANGUAGE_STANDARD = "gnu++14";
				CLANG_CXX_LIBRARY = "libc++";
				CLANG_ENABLE_MODULES = YES;
				CLANG_ENABLE_OBJC_ARC = YES;
				CLANG_WARN_BLOCK_CAPTURE_AUTORELEASING = YES;
				CLANG_WARN_BOOL_CONVERSION = YES;
				CLANG_WARN_COMMA = YES;
				CLANG_WARN_CONSTANT_CONVERSION = YES;
				CLANG_WARN_DEPRECATED_OBJC_IMPLEMENTATIONS = YES;
				CLANG_WARN_DIRECT_OBJC_ISA_USAGE = YES_ERROR;
				CLANG_WARN_DOCUMENTATION_COMMENTS = YES;
				CLANG_WARN_EMPTY_BODY = YES;
				CLANG_WARN_ENUM_CONVERSION = YES;
				CLANG_WARN_INFINITE_RECURSION = YES;
				CLANG_WARN_INT_CONVERSION = YES;
				CLANG_WARN_NON_LITERAL_NULL_CONVERSION = YES;
				CLANG_WARN_OBJC_IMPLICIT_RETAIN_SELF = YES;
				CLANG_WARN_OBJC_LITERAL_CONVERSION = YES;
				CLANG_WARN_OBJC_ROOT_CLASS = YES_ERROR;
				CLANG_WARN_RANGE_LOOP_ANALYSIS = YES;
				CLANG_WARN_STRICT_PROTOTYPES = YES;
				CLANG_WARN_SUSPICIOUS_MOVE = YES;
				CLANG_WARN_UNGUARDED_AVAILABILITY = YES_AGGRESSIVE;
				CLANG_WARN_UNREACHABLE_CODE = YES;
				CLANG_WARN__DUPLICATE_METHOD_MATCH = YES;
				CODE_SIGN_IDENTITY = "-";
				COPY_PHASE_STRIP = NO;
				DEBUG_INFORMATION_FORMAT = dwarf;
				ENABLE_STRICT_OBJC_MSGSEND = YES;
				ENABLE_TESTABILITY = YES;
				GCC_C_LANGUAGE_STANDARD = gnu11;
				GCC_DYNAMIC_NO_PIC = NO;
				GCC_NO_COMMON_BLOCKS = YES;
				GCC_OPTIMIZATION_LEVEL = 0;
				GCC_PREPROCESSOR_DEFINITIONS = (
					"DEBUG=1",
					"$(inherited)",
				);
				GCC_WARN_64_TO_32_BIT_CONVERSION = YES;
				GCC_WARN_ABOUT_RETURN_TYPE = YES_ERROR;
				GCC_WARN_UNDECLARED_SELECTOR = YES;
				GCC_WARN_UNINITIALIZED_AUTOS = YES_AGGRESSIVE;
				GCC_WARN_UNUSED_FUNCTION = YES;
				GCC_WARN_UNUSED_VARIABLE = YES;
				MACOSX_DEPLOYMENT_TARGET = 10.13;
				MTL_ENABLE_DEBUG_INFO = YES;
				ONLY_ACTIVE_ARCH = YES;
				SDKROOT = macosx;
			};
			name = Debug;
		};
		55FD6768205AD36200D0DA85 /* Release */ = {
			isa = XCBuildConfiguration;
			buildSettings = {
				ALWAYS_SEARCH_USER_PATHS = NO;
				CLANG_ANALYZER_NONNULL = YES;
				CLANG_ANALYZER_NUMBER_OBJECT_CONVERSION = YES_AGGRESSIVE;
				CLANG_CXX_LANGUAGE_STANDARD = "gnu++14";
				CLANG_CXX_LIBRARY = "libc++";
				CLANG_ENABLE_MODULES = YES;
				CLANG_ENABLE_OBJC_ARC = YES;
				CLANG_WARN_BLOCK_CAPTURE_AUTORELEASING = YES;
				CLANG_WARN_BOOL_CONVERSION = YES;
				CLANG_WARN_COMMA = YES;
				CLANG_WARN_CONSTANT_CONVERSION = YES;
				CLANG_WARN_DEPRECATED_OBJC_IMPLEMENTATIONS = YES;
				CLANG_WARN_DIRECT_OBJC_ISA_USAGE = YES_ERROR;
				CLANG_WARN_DOCUMENTATION_COMMENTS = YES;
				CLANG_WARN_EMPTY_BODY = YES;
				CLANG_WARN_ENUM_CONVERSION = YES;
				CLANG_WARN_INFINITE_RECURSION = YES;
				CLANG_WARN_INT_CONVERSION = YES;
				CLANG_WARN_NON_LITERAL_NULL_CONVERSION = YES;
				CLANG_WARN_OBJC_IMPLICIT_RETAIN_SELF = YES;
				CLANG_WARN_OBJC_LITERAL_CONVERSION = YES;
				CLANG_WARN_OBJC_ROOT_CLASS = YES_ERROR;
				CLANG_WARN_RANGE_LOOP_ANALYSIS = YES;
				CLANG_WARN_STRICT_PROTOTYPES = YES;
				CLANG_WARN_SUSPICIOUS_MOVE = YES;
				CLANG_WARN_UNGUARDED_AVAILABILITY = YES_AGGRESSIVE;
				CLANG_WARN_UNREACHABLE_CODE = YES;
				CLANG_WARN__DUPLICATE_METHOD_MATCH = YES;
				CODE_SIGN_IDENTITY = "-";
				COPY_PHASE_STRIP = NO;
				DEBUG_INFORMATION_FORMAT = "dwarf-with-dsym";
				ENABLE_NS_ASSERTIONS = NO;
				ENABLE_STRICT_OBJC_MSGSEND = YES;
				GCC_C_LANGUAGE_STANDARD = gnu11;
				GCC_NO_COMMON_BLOCKS = YES;
				GCC_WARN_64_TO_32_BIT_CONVERSION = YES;
				GCC_WARN_ABOUT_RETURN_TYPE = YES_ERROR;
				GCC_WARN_UNDECLARED_SELECTOR = YES;
				GCC_WARN_UNINITIALIZED_AUTOS = YES_AGGRESSIVE;
				GCC_WARN_UNUSED_FUNCTION = YES;
				GCC_WARN_UNUSED_VARIABLE = YES;
				MACOSX_DEPLOYMENT_TARGET = 10.13;
				MTL_ENABLE_DEBUG_INFO = NO;
				SDKROOT = macosx;
			};
			name = Release;
		};
		55FD676A205AD36200D0DA85 /* Debug */ = {
			isa = XCBuildConfiguration;
			buildSettings = {
				CODE_SIGN_STYLE = Automatic;
				PRODUCT_NAME = "$(TARGET_NAME)";
			};
			name = Debug;
		};
		55FD676B205AD36200D0DA85 /* Release */ = {
			isa = XCBuildConfiguration;
			buildSettings = {
				CODE_SIGN_STYLE = Automatic;
				PRODUCT_NAME = "$(TARGET_NAME)";
			};
			name = Release;
		};
/* End XCBuildConfiguration section */

/* Begin XCConfigurationList section */
		55FD675D205AD36200D0DA85 /* Build configuration list for PBXProject "OpenNEC" */ = {
			isa = XCConfigurationList;
			buildConfigurations = (
				55FD6767205AD36200D0DA85 /* Debug */,
				55FD6768205AD36200D0DA85 /* Release */,
			);
			defaultConfigurationIsVisible = 0;
			defaultConfigurationName = Release;
		};
		55FD6769205AD36200D0DA85 /* Build configuration list for PBXNativeTarget "OpenNEC" */ = {
			isa = XCConfigurationList;
			buildConfigurations = (
				55FD676A205AD36200D0DA85 /* Debug */,
				55FD676B205AD36200D0DA85 /* Release */,
			);
			defaultConfigurationIsVisible = 0;
			defaultConfigurationName = Release;
		};
/* End XCConfigurationList section */
	};
	rootObject = 55FD675A205AD36200D0DA85 /* Project object */;
}
