// !$*UTF8*$!
{
	archiveVersion = 1;
	classes = {
	};
	objectVersion = 46;
	objects = {

/* Begin PBXFileReference section */
		5510B9E2205443AA00F9ADE6 /* output.c */ = {isa = PBXFileReference; lastKnownFileType = sourcecode.c.c; path = output.c; sourceTree = "<group>"; };
		5510B9E32055939A00F9ADE6 /* types.c */ = {isa = PBXFileReference; lastKnownFileType = sourcecode.c.c; path = types.c; sourceTree = "<group>"; };
		5510B9E5205597B800F9ADE6 /* README.MD */ = {isa = PBXFileReference; lastKnownFileType = net.daringfireball.markdown; path = README.MD; sourceTree = "<group>"; };
		55227BD91C5693A20054F8EB /* calculations.c */ = {isa = PBXFileReference; fileEncoding = 4; lastKnownFileType = sourcecode.c.c; path = calculations.c; sourceTree = "<group>"; };
		55227BE11C5693A20054F8EB /* fields.c */ = {isa = PBXFileReference; fileEncoding = 4; lastKnownFileType = sourcecode.c.c; path = fields.c; sourceTree = "<group>"; };
		55227BE21C5693A20054F8EB /* geometry.c */ = {isa = PBXFileReference; fileEncoding = 4; lastKnownFileType = sourcecode.c.c; path = geometry.c; sourceTree = "<group>"; };
		55227BE31C5693A20054F8EB /* ground.c */ = {isa = PBXFileReference; fileEncoding = 4; lastKnownFileType = sourcecode.c.c; path = ground.c; sourceTree = "<group>"; };
		55227BE41C5693A20054F8EB /* input.c */ = {isa = PBXFileReference; fileEncoding = 4; lastKnownFileType = sourcecode.c.c; path = input.c; sourceTree = "<group>"; };
		55227BE71C5693A20054F8EB /* main.c */ = {isa = PBXFileReference; fileEncoding = 4; lastKnownFileType = sourcecode.c.c; path = main.c; sourceTree = "<group>"; };
		55227BEA1C5693A20054F8EB /* matrix.c */ = {isa = PBXFileReference; fileEncoding = 4; lastKnownFileType = sourcecode.c.c; path = matrix.c; sourceTree = "<group>"; };
		55227BEB1C5693A20054F8EB /* misc.c */ = {isa = PBXFileReference; fileEncoding = 4; lastKnownFileType = sourcecode.c.c; path = misc.c; sourceTree = "<group>"; };
		55227BEF1C5693A20054F8EB /* network.c */ = {isa = PBXFileReference; fileEncoding = 4; lastKnownFileType = sourcecode.c.c; path = network.c; sourceTree = "<group>"; };
		55227BF11C5693A20054F8EB /* radiation.c */ = {isa = PBXFileReference; fileEncoding = 4; lastKnownFileType = sourcecode.c.c; path = radiation.c; sourceTree = "<group>"; };
		55227BF31C5693A20054F8EB /* shared.c */ = {isa = PBXFileReference; fileEncoding = 4; lastKnownFileType = sourcecode.c.c; path = shared.c; sourceTree = "<group>"; };
		55227BF41C5693A20054F8EB /* shared.h */ = {isa = PBXFileReference; fileEncoding = 4; lastKnownFileType = sourcecode.c.h; path = shared.h; sourceTree = "<group>"; };
		55227BF51C5693A20054F8EB /* somnec.c */ = {isa = PBXFileReference; fileEncoding = 4; lastKnownFileType = sourcecode.c.c; path = somnec.c; sourceTree = "<group>"; };
		552EDF92204770D700FBDE0E /* opennec.h */ = {isa = PBXFileReference; fileEncoding = 4; lastKnownFileType = sourcecode.c.h; path = opennec.h; sourceTree = "<group>"; };
		55D1C04820506F290035443E /* deck.c */ = {isa = PBXFileReference; lastKnownFileType = sourcecode.c.c; path = deck.c; sourceTree = "<group>"; };
		55D1C0492050E8350035443E /* tinyexpr.h */ = {isa = PBXFileReference; lastKnownFileType = sourcecode.c.h; path = tinyexpr.h; sourceTree = "<group>"; };
		55D1C04A2050E8350035443E /* tinyexpr.c */ = {isa = PBXFileReference; lastKnownFileType = sourcecode.c.c; path = tinyexpr.c; sourceTree = "<group>"; };
		55F19B652044A1560069AE29 /* proto.h */ = {isa = PBXFileReference; lastKnownFileType = sourcecode.c.h; path = proto.h; sourceTree = "<group>"; };
		55F19B662044AD2B0069AE29 /* types.h */ = {isa = PBXFileReference; lastKnownFileType = sourcecode.c.h; path = types.h; sourceTree = "<group>"; };
		55F19B68204622200069AE29 /* argp.h */ = {isa = PBXFileReference; lastKnownFileType = sourcecode.c.h; path = argp.h; sourceTree = "<group>"; };
/* End PBXFileReference section */

/* Begin PBXGroup section */
		55227BCB1C56938F0054F8EB = {
			isa = PBXGroup;
			children = (
				5510B9E5205597B800F9ADE6 /* README.MD */,
				552EDF92204770D700FBDE0E /* opennec.h */,
				55F19B662044AD2B0069AE29 /* types.h */,
				55F19B68204622200069AE29 /* argp.h */,
				55F19B652044A1560069AE29 /* proto.h */,
				55227BF41C5693A20054F8EB /* shared.h */,
				55227BE71C5693A20054F8EB /* main.c */,
				5510B9E32055939A00F9ADE6 /* types.c */,
				55227BEB1C5693A20054F8EB /* misc.c */,
				55227BE41C5693A20054F8EB /* input.c */,
				5510B9E2205443AA00F9ADE6 /* output.c */,
				55D1C04820506F290035443E /* deck.c */,
				55227BF31C5693A20054F8EB /* shared.c */,
				55227BD91C5693A20054F8EB /* calculations.c */,
				55227BE11C5693A20054F8EB /* fields.c */,
				55227BE21C5693A20054F8EB /* geometry.c */,
				55227BE31C5693A20054F8EB /* ground.c */,
				55227BEA1C5693A20054F8EB /* matrix.c */,
				55227BEF1C5693A20054F8EB /* network.c */,
				55227BF11C5693A20054F8EB /* radiation.c */,
				55227BF51C5693A20054F8EB /* somnec.c */,
				55D1C0492050E8350035443E /* tinyexpr.h */,
				55D1C04A2050E8350035443E /* tinyexpr.c */,
			);
			sourceTree = "<group>";
		};
/* End PBXGroup section */

/* Begin PBXLegacyTarget section */
		55227BD01C56938F0054F8EB /* OpenNEC */ = {
			isa = PBXLegacyTarget;
			buildArgumentsString = "$(ACTION)";
			buildConfigurationList = 55227BD31C56938F0054F8EB /* Build configuration list for PBXLegacyTarget "OpenNEC" */;
			buildPhases = (
			);
			buildToolPath = /usr/bin/make;
			buildWorkingDirectory = "/Volumes/Bigger/Users/maury/Library/Mobile Documents/com~apple~CloudDocs/OpenNEC/";
			dependencies = (
			);
			name = OpenNEC;
			passBuildSettingsInEnvironment = 1;
			productName = OpenNEC;
		};
/* End PBXLegacyTarget section */

/* Begin PBXProject section */
		55227BCC1C56938F0054F8EB /* Project object */ = {
			isa = PBXProject;
			attributes = {
				LastUpgradeCheck = 1010;
				ORGANIZATIONNAME = "Maury Markowitz";
				TargetAttributes = {
					55227BD01C56938F0054F8EB = {
						CreatedOnToolsVersion = 7.2;
					};
				};
			};
			buildConfigurationList = 55227BCF1C56938F0054F8EB /* Build configuration list for PBXProject "OpenNEC_gcc" */;
			compatibilityVersion = "Xcode 3.2";
			developmentRegion = English;
			hasScannedForEncodings = 0;
			knownRegions = (
				en,
			);
			mainGroup = 55227BCB1C56938F0054F8EB;
			projectDirPath = "";
			projectRoot = "";
			targets = (
				55227BD01C56938F0054F8EB /* OpenNEC */,
			);
		};
/* End PBXProject section */

/* Begin XCBuildConfiguration section */
		55227BD11C56938F0054F8EB /* Debug */ = {
			isa = XCBuildConfiguration;
			buildSettings = {
				ALWAYS_SEARCH_USER_PATHS = NO;
				CLANG_CXX_LANGUAGE_STANDARD = "gnu++0x";
				CLANG_CXX_LIBRARY = "libc++";
				CLANG_ENABLE_MODULES = YES;
				CLANG_ENABLE_OBJC_ARC = YES;
				CLANG_WARN_BLOCK_CAPTURE_AUTORELEASING = YES;
				CLANG_WARN_BOOL_CONVERSION = YES;
				CLANG_WARN_COMMA = YES;
				CLANG_WARN_CONSTANT_CONVERSION = YES;
				CLANG_WARN_DEPRECATED_OBJC_IMPLEMENTATIONS = YES;
				CLANG_WARN_DIRECT_OBJC_ISA_USAGE = YES_ERROR;
				CLANG_WARN_EMPTY_BODY = YES;
				CLANG_WARN_ENUM_CONVERSION = YES;
				CLANG_WARN_INFINITE_RECURSION = YES;
				CLANG_WARN_INT_CONVERSION = YES;
				CLANG_WARN_NON_LITERAL_NULL_CONVERSION = YES;
				CLANG_WARN_OBJC_IMPLICIT_RETAIN_SELF = YES;
				CLANG_WARN_OBJC_LITERAL_CONVERSION = YES;
				CLANG_WARN_OBJC_ROOT_CLASS = YES_ERROR;
				CLANG_WARN_RANGE_LOOP_ANALYSIS = YES;
				CLANG_WARN_STRICT_PROTOTYPES = YES;
				CLANG_WARN_SUSPICIOUS_MOVE = YES;
				CLANG_WARN_UNREACHABLE_CODE = YES;
				CLANG_WARN__DUPLICATE_METHOD_MATCH = YES;
				COPY_PHASE_STRIP = NO;
				DEBUG_INFORMATION_FORMAT = dwarf;
				ENABLE_STRICT_OBJC_MSGSEND = YES;
				ENABLE_TESTABILITY = YES;
				GCC_C_LANGUAGE_STANDARD = gnu99;
				GCC_DYNAMIC_NO_PIC = NO;
				GCC_NO_COMMON_BLOCKS = YES;
				GCC_OPTIMIZATION_LEVEL = 0;
				GCC_PREPROCESSOR_DEFINITIONS = (
					"DEBUG=1",
					"$(inherited)",
				);
				GCC_WARN_64_TO_32_BIT_CONVERSION = YES;
				GCC_WARN_ABOUT_RETURN_TYPE = YES_ERROR;
				GCC_WARN_UNDECLARED_SELECTOR = YES;
				GCC_WARN_UNINITIALIZED_AUTOS = YES_AGGRESSIVE;
				GCC_WARN_UNUSED_FUNCTION = YES;
				GCC_WARN_UNUSED_VARIABLE = YES;
				MTL_ENABLE_DEBUG_INFO = YES;
				ONLY_ACTIVE_ARCH = YES;
			};
			name = Debug;
		};
		55227BD21C56938F0054F8EB /* Release */ = {
			isa = XCBuildConfiguration;
			buildSettings = {
				ALWAYS_SEARCH_USER_PATHS = NO;
				CLANG_CXX_LANGUAGE_STANDARD = "gnu++0x";
				CLANG_CXX_LIBRARY = "libc++";
				CLANG_ENABLE_MODULES = YES;
				CLANG_ENABLE_OBJC_ARC = YES;
				CLANG_WARN_BLOCK_CAPTURE_AUTORELEASING = YES;
				CLANG_WARN_BOOL_CONVERSION = YES;
				CLANG_WARN_COMMA = YES;
				CLANG_WARN_CONSTANT_CONVERSION = YES;
				CLANG_WARN_DEPRECATED_OBJC_IMPLEMENTATIONS = YES;
				CLANG_WARN_DIRECT_OBJC_ISA_USAGE = YES_ERROR;
				CLANG_WARN_EMPTY_BODY = YES;
				CLANG_WARN_ENUM_CONVERSION = YES;
				CLANG_WARN_INFINITE_RECURSION = YES;
				CLANG_WARN_INT_CONVERSION = YES;
				CLANG_WARN_NON_LITERAL_NULL_CONVERSION = YES;
				CLANG_WARN_OBJC_IMPLICIT_RETAIN_SELF = YES;
				CLANG_WARN_OBJC_LITERAL_CONVERSION = YES;
				CLANG_WARN_OBJC_ROOT_CLASS = YES_ERROR;
				CLANG_WARN_RANGE_LOOP_ANALYSIS = YES;
				CLANG_WARN_STRICT_PROTOTYPES = YES;
				CLANG_WARN_SUSPICIOUS_MOVE = YES;
				CLANG_WARN_UNREACHABLE_CODE = YES;
				CLANG_WARN__DUPLICATE_METHOD_MATCH = YES;
				COPY_PHASE_STRIP = NO;
				DEBUG_INFORMATION_FORMAT = "dwarf-with-dsym";
				ENABLE_NS_ASSERTIONS = NO;
				ENABLE_STRICT_OBJC_MSGSEND = YES;
				GCC_C_LANGUAGE_STANDARD = gnu99;
				GCC_NO_COMMON_BLOCKS = YES;
				GCC_WARN_64_TO_32_BIT_CONVERSION = YES;
				GCC_WARN_ABOUT_RETURN_TYPE = YES_ERROR;
				GCC_WARN_UNDECLARED_SELECTOR = YES;
				GCC_WARN_UNINITIALIZED_AUTOS = YES_AGGRESSIVE;
				GCC_WARN_UNUSED_FUNCTION = YES;
				GCC_WARN_UNUSED_VARIABLE = YES;
				MTL_ENABLE_DEBUG_INFO = NO;
			};
			name = Release;
		};
		55227BD41C56938F0054F8EB /* Debug */ = {
			isa = XCBuildConfiguration;
			buildSettings = {
				DEBUGGING_SYMBOLS = YES;
				DEBUG_INFORMATION_FORMAT = dwarf;
				GCC_GENERATE_DEBUGGING_SYMBOLS = YES;
				GCC_OPTIMIZATION_LEVEL = 0;
				OTHER_CFLAGS = "";
				OTHER_LDFLAGS = "";
				PRODUCT_NAME = "$(TARGET_NAME)";
			};
			name = Debug;
		};
		55227BD51C56938F0054F8EB /* Release */ = {
			isa = XCBuildConfiguration;
			buildSettings = {
				DEBUG_INFORMATION_FORMAT = "dwarf-with-dsym";
				OTHER_CFLAGS = "";
				OTHER_LDFLAGS = "";
				PRODUCT_NAME = "$(TARGET_NAME)";
			};
			name = Release;
		};
/* End XCBuildConfiguration section */

/* Begin XCConfigurationList section */
		55227BCF1C56938F0054F8EB /* Build configuration list for PBXProject "OpenNEC_gcc" */ = {
			isa = XCConfigurationList;
			buildConfigurations = (
				55227BD11C56938F0054F8EB /* Debug */,
				55227BD21C56938F0054F8EB /* Release */,
			);
			defaultConfigurationIsVisible = 0;
			defaultConfigurationName = Debug;
		};
		55227BD31C56938F0054F8EB /* Build configuration list for PBXLegacyTarget "OpenNEC" */ = {
			isa = XCConfigurationList;
			buildConfigurations = (
				55227BD41C56938F0054F8EB /* Debug */,
				55227BD51C56938F0054F8EB /* Release */,
			);
			defaultConfigurationIsVisible = 0;
			defaultConfigurationName = Debug;
		};
/* End XCConfigurationList section */
	};
	rootObject = 55227BCC1C56938F0054F8EB /* Project object */;
}
